// !$*UTF8*$!
{
	archiveVersion = 1;
	classes = {
	};
	objectVersion = 50;
	objects = {

/* Begin PBXBuildFile section */
		CE04A29721C58A7100D044D4 /* AppDelegate.m in Sources */ = {isa = PBXBuildFile; fileRef = CE04A29621C58A7100D044D4 /* AppDelegate.m */; };
		CE04A29A21C58A7100D044D4 /* MainViewController.m in Sources */ = {isa = PBXBuildFile; fileRef = CE04A29921C58A7100D044D4 /* MainViewController.m */; };
		CE04A29D21C58A7100D044D4 /* Main.storyboard in Resources */ = {isa = PBXBuildFile; fileRef = CE04A29B21C58A7100D044D4 /* Main.storyboard */; };
		CE04A2A021C58A7100D044D4 /* water.xcdatamodeld in Sources */ = {isa = PBXBuildFile; fileRef = CE04A29E21C58A7100D044D4 /* water.xcdatamodeld */; };
		CE04A2A221C58A7200D044D4 /* Assets.xcassets in Resources */ = {isa = PBXBuildFile; fileRef = CE04A2A121C58A7200D044D4 /* Assets.xcassets */; };
		CE04A2A521C58A7200D044D4 /* LaunchScreen.storyboard in Resources */ = {isa = PBXBuildFile; fileRef = CE04A2A321C58A7200D044D4 /* LaunchScreen.storyboard */; };
		CE04A2A821C58A7200D044D4 /* main.m in Sources */ = {isa = PBXBuildFile; fileRef = CE04A2A721C58A7200D044D4 /* main.m */; };
		CE04A2B221C58A7200D044D4 /* waterTests.m in Sources */ = {isa = PBXBuildFile; fileRef = CE04A2B121C58A7200D044D4 /* waterTests.m */; };
		CE04A2BD21C58A7200D044D4 /* waterUITests.m in Sources */ = {isa = PBXBuildFile; fileRef = CE04A2BC21C58A7200D044D4 /* waterUITests.m */; };
		CE04B05421C58B7900D044D4 /* b2Body.cpp in Sources */ = {isa = PBXBuildFile; fileRef = CE04AF9521C58B7900D044D4 /* b2Body.cpp */; };
		CE04B05521C58B7900D044D4 /* b2World.cpp in Sources */ = {isa = PBXBuildFile; fileRef = CE04AF9621C58B7900D044D4 /* b2World.cpp */; };
		CE04B05621C58B7900D044D4 /* b2Fixture.cpp in Sources */ = {isa = PBXBuildFile; fileRef = CE04AF9721C58B7900D044D4 /* b2Fixture.cpp */; };
		CE04B05721C58B7900D044D4 /* b2ChainAndPolygonContact.cpp in Sources */ = {isa = PBXBuildFile; fileRef = CE04AF9E21C58B7900D044D4 /* b2ChainAndPolygonContact.cpp */; };
		CE04B05821C58B7900D044D4 /* b2EdgeAndPolygonContact.cpp in Sources */ = {isa = PBXBuildFile; fileRef = CE04AFA021C58B7900D044D4 /* b2EdgeAndPolygonContact.cpp */; };
		CE04B05921C58B7900D044D4 /* b2ChainAndCircleContact.cpp in Sources */ = {isa = PBXBuildFile; fileRef = CE04AFA121C58B7900D044D4 /* b2ChainAndCircleContact.cpp */; };
		CE04B05A21C58B7900D044D4 /* b2PolygonAndCircleContact.cpp in Sources */ = {isa = PBXBuildFile; fileRef = CE04AFA221C58B7900D044D4 /* b2PolygonAndCircleContact.cpp */; };
		CE04B05B21C58B7900D044D4 /* b2PolygonContact.cpp in Sources */ = {isa = PBXBuildFile; fileRef = CE04AFA421C58B7900D044D4 /* b2PolygonContact.cpp */; };
		CE04B05C21C58B7900D044D4 /* b2ContactSolver.cpp in Sources */ = {isa = PBXBuildFile; fileRef = CE04AFA821C58B7900D044D4 /* b2ContactSolver.cpp */; };
		CE04B05D21C58B7900D044D4 /* b2CircleContact.cpp in Sources */ = {isa = PBXBuildFile; fileRef = CE04AFA921C58B7900D044D4 /* b2CircleContact.cpp */; };
		CE04B05E21C58B7900D044D4 /* b2EdgeAndCircleContact.cpp in Sources */ = {isa = PBXBuildFile; fileRef = CE04AFAA21C58B7900D044D4 /* b2EdgeAndCircleContact.cpp */; };
		CE04B05F21C58B7900D044D4 /* b2Contact.cpp in Sources */ = {isa = PBXBuildFile; fileRef = CE04AFAB21C58B7900D044D4 /* b2Contact.cpp */; };
		CE04B06021C58B7900D044D4 /* b2WorldCallbacks.cpp in Sources */ = {isa = PBXBuildFile; fileRef = CE04AFAC21C58B7900D044D4 /* b2WorldCallbacks.cpp */; };
		CE04B06121C58B7900D044D4 /* b2WeldJoint.cpp in Sources */ = {isa = PBXBuildFile; fileRef = CE04AFAE21C58B7900D044D4 /* b2WeldJoint.cpp */; };
		CE04B06221C58B7900D044D4 /* b2MouseJoint.cpp in Sources */ = {isa = PBXBuildFile; fileRef = CE04AFAF21C58B7900D044D4 /* b2MouseJoint.cpp */; };
		CE04B06321C58B7900D044D4 /* b2FrictionJoint.cpp in Sources */ = {isa = PBXBuildFile; fileRef = CE04AFB021C58B7900D044D4 /* b2FrictionJoint.cpp */; };
		CE04B06421C58B7900D044D4 /* b2DistanceJoint.cpp in Sources */ = {isa = PBXBuildFile; fileRef = CE04AFB821C58B7900D044D4 /* b2DistanceJoint.cpp */; };
		CE04B06521C58B7900D044D4 /* b2WheelJoint.cpp in Sources */ = {isa = PBXBuildFile; fileRef = CE04AFB921C58B7900D044D4 /* b2WheelJoint.cpp */; };
		CE04B06621C58B7900D044D4 /* b2MotorJoint.cpp in Sources */ = {isa = PBXBuildFile; fileRef = CE04AFBA21C58B7900D044D4 /* b2MotorJoint.cpp */; };
		CE04B06721C58B7900D044D4 /* b2RevoluteJoint.cpp in Sources */ = {isa = PBXBuildFile; fileRef = CE04AFBD21C58B7900D044D4 /* b2RevoluteJoint.cpp */; };
		CE04B06821C58B7900D044D4 /* b2GearJoint.cpp in Sources */ = {isa = PBXBuildFile; fileRef = CE04AFBF21C58B7900D044D4 /* b2GearJoint.cpp */; };
		CE04B06921C58B7900D044D4 /* b2Joint.cpp in Sources */ = {isa = PBXBuildFile; fileRef = CE04AFC021C58B7900D044D4 /* b2Joint.cpp */; };
		CE04B06A21C58B7900D044D4 /* b2PrismaticJoint.cpp in Sources */ = {isa = PBXBuildFile; fileRef = CE04AFC121C58B7900D044D4 /* b2PrismaticJoint.cpp */; };
		CE04B06B21C58B7900D044D4 /* b2PulleyJoint.cpp in Sources */ = {isa = PBXBuildFile; fileRef = CE04AFC221C58B7900D044D4 /* b2PulleyJoint.cpp */; };
		CE04B06C21C58B7900D044D4 /* b2RopeJoint.cpp in Sources */ = {isa = PBXBuildFile; fileRef = CE04AFC421C58B7900D044D4 /* b2RopeJoint.cpp */; };
		CE04B06D21C58B7900D044D4 /* b2Island.cpp in Sources */ = {isa = PBXBuildFile; fileRef = CE04AFC721C58B7900D044D4 /* b2Island.cpp */; };
		CE04B06E21C58B7900D044D4 /* b2ContactManager.cpp in Sources */ = {isa = PBXBuildFile; fileRef = CE04AFCD21C58B7900D044D4 /* b2ContactManager.cpp */; };
		CE04B07021C58B7900D044D4 /* b2Rope.cpp in Sources */ = {isa = PBXBuildFile; fileRef = CE04AFD221C58B7900D044D4 /* b2Rope.cpp */; };
		CE04B07221C58B7900D044D4 /* b2Draw.cpp in Sources */ = {isa = PBXBuildFile; fileRef = CE04AFD821C58B7900D044D4 /* b2Draw.cpp */; };
		CE04B07321C58B7900D044D4 /* b2TrackedBlock.cpp in Sources */ = {isa = PBXBuildFile; fileRef = CE04AFDA21C58B7900D044D4 /* b2TrackedBlock.cpp */; };
		CE04B07421C58B7900D044D4 /* b2BlockAllocator.cpp in Sources */ = {isa = PBXBuildFile; fileRef = CE04AFDB21C58B7900D044D4 /* b2BlockAllocator.cpp */; };
		CE04B07521C58B7900D044D4 /* b2Settings.cpp in Sources */ = {isa = PBXBuildFile; fileRef = CE04AFDD21C58B7900D044D4 /* b2Settings.cpp */; };
		CE04B07621C58B7900D044D4 /* b2Timer.cpp in Sources */ = {isa = PBXBuildFile; fileRef = CE04AFE021C58B7900D044D4 /* b2Timer.cpp */; };
		CE04B07721C58B7900D044D4 /* b2Stat.cpp in Sources */ = {isa = PBXBuildFile; fileRef = CE04AFE221C58B7900D044D4 /* b2Stat.cpp */; };
		CE04B07821C58B7900D044D4 /* b2FreeList.cpp in Sources */ = {isa = PBXBuildFile; fileRef = CE04AFE321C58B7900D044D4 /* b2FreeList.cpp */; };
		CE04B07921C58B7900D044D4 /* b2StackAllocator.cpp in Sources */ = {isa = PBXBuildFile; fileRef = CE04AFE521C58B7900D044D4 /* b2StackAllocator.cpp */; };
		CE04B07A21C58B7900D044D4 /* b2Math.cpp in Sources */ = {isa = PBXBuildFile; fileRef = CE04AFE621C58B7900D044D4 /* b2Math.cpp */; };
		CE04B07C21C58B7900D044D4 /* b2ParticleGroup.cpp in Sources */ = {isa = PBXBuildFile; fileRef = CE04AFED21C58B7900D044D4 /* b2ParticleGroup.cpp */; };
		CE04B07D21C58B7900D044D4 /* b2VoronoiDiagram.cpp in Sources */ = {isa = PBXBuildFile; fileRef = CE04AFEE21C58B7900D044D4 /* b2VoronoiDiagram.cpp */; };
		CE04B07E21C58B7900D044D4 /* b2ParticleSystem.cpp in Sources */ = {isa = PBXBuildFile; fileRef = CE04AFF021C58B7900D044D4 /* b2ParticleSystem.cpp */; };
		CE04B08021C58B7900D044D4 /* b2Particle.cpp in Sources */ = {isa = PBXBuildFile; fileRef = CE04AFF521C58B7900D044D4 /* b2Particle.cpp */; };
		CE04B08221C58B7900D044D4 /* b2Distance.cpp in Sources */ = {isa = PBXBuildFile; fileRef = CE04AFFB21C58B7900D044D4 /* b2Distance.cpp */; };
		CE04B08321C58B7900D044D4 /* b2CollideCircle.cpp in Sources */ = {isa = PBXBuildFile; fileRef = CE04AFFC21C58B7900D044D4 /* b2CollideCircle.cpp */; };
		CE04B08421C58B7900D044D4 /* b2CollidePolygon.cpp in Sources */ = {isa = PBXBuildFile; fileRef = CE04AFFD21C58B7900D044D4 /* b2CollidePolygon.cpp */; };
		CE04B08521C58B7900D044D4 /* b2DynamicTree.cpp in Sources */ = {isa = PBXBuildFile; fileRef = CE04AFFE21C58B7900D044D4 /* b2DynamicTree.cpp */; };
		CE04B08621C58B7900D044D4 /* b2ChainShape.cpp in Sources */ = {isa = PBXBuildFile; fileRef = CE04B00121C58B7900D044D4 /* b2ChainShape.cpp */; };
		CE04B08721C58B7900D044D4 /* b2EdgeShape.cpp in Sources */ = {isa = PBXBuildFile; fileRef = CE04B00521C58B7900D044D4 /* b2EdgeShape.cpp */; };
		CE04B08821C58B7900D044D4 /* b2CircleShape.cpp in Sources */ = {isa = PBXBuildFile; fileRef = CE04B00621C58B7900D044D4 /* b2CircleShape.cpp */; };
		CE04B08921C58B7900D044D4 /* b2PolygonShape.cpp in Sources */ = {isa = PBXBuildFile; fileRef = CE04B00721C58B7900D044D4 /* b2PolygonShape.cpp */; };
		CE04B08A21C58B7900D044D4 /* b2TimeOfImpact.cpp in Sources */ = {isa = PBXBuildFile; fileRef = CE04B00B21C58B7900D044D4 /* b2TimeOfImpact.cpp */; };
		CE04B08B21C58B7900D044D4 /* b2BroadPhase.cpp in Sources */ = {isa = PBXBuildFile; fileRef = CE04B00C21C58B7900D044D4 /* b2BroadPhase.cpp */; };
		CE04B08C21C58B7900D044D4 /* b2CollideEdge.cpp in Sources */ = {isa = PBXBuildFile; fileRef = CE04B00F21C58B7900D044D4 /* b2CollideEdge.cpp */; };
		CE04B08D21C58B7900D044D4 /* b2Collision.cpp in Sources */ = {isa = PBXBuildFile; fileRef = CE04B01021C58B7900D044D4 /* b2Collision.cpp */; };
		CE04B09021C58E8900D044D4 /* waterFun.mm in Sources */ = {isa = PBXBuildFile; fileRef = CE04B08F21C58E8900D044D4 /* waterFun.mm */; };
		CE04B09221C6C6EF00D044D4 /* shaders.metal in Sources */ = {isa = PBXBuildFile; fileRef = CE04B09121C6C6EF00D044D4 /* shaders.metal */; };
/* End PBXBuildFile section */

/* Begin PBXContainerItemProxy section */
		CE04A2AE21C58A7200D044D4 /* PBXContainerItemProxy */ = {
			isa = PBXContainerItemProxy;
			containerPortal = CE04A28A21C58A7100D044D4 /* Project object */;
			proxyType = 1;
			remoteGlobalIDString = CE04A29121C58A7100D044D4;
			remoteInfo = water;
		};
		CE04A2B921C58A7200D044D4 /* PBXContainerItemProxy */ = {
			isa = PBXContainerItemProxy;
			containerPortal = CE04A28A21C58A7100D044D4 /* Project object */;
			proxyType = 1;
			remoteGlobalIDString = CE04A29121C58A7100D044D4;
			remoteInfo = water;
		};
/* End PBXContainerItemProxy section */

/* Begin PBXFileReference section */
		CE04A29221C58A7100D044D4 /* waterSimulation.app */ = {isa = PBXFileReference; explicitFileType = wrapper.application; includeInIndex = 0; path = waterSimulation.app; sourceTree = BUILT_PRODUCTS_DIR; };
		CE04A29521C58A7100D044D4 /* AppDelegate.h */ = {isa = PBXFileReference; lastKnownFileType = sourcecode.c.h; path = AppDelegate.h; sourceTree = "<group>"; };
		CE04A29621C58A7100D044D4 /* AppDelegate.m */ = {isa = PBXFileReference; lastKnownFileType = sourcecode.c.objc; path = AppDelegate.m; sourceTree = "<group>"; };
		CE04A29821C58A7100D044D4 /* MainViewController.h */ = {isa = PBXFileReference; lastKnownFileType = sourcecode.c.h; path = MainViewController.h; sourceTree = "<group>"; };
		CE04A29921C58A7100D044D4 /* MainViewController.m */ = {isa = PBXFileReference; lastKnownFileType = sourcecode.c.objc; path = MainViewController.m; sourceTree = "<group>"; };
		CE04A29C21C58A7100D044D4 /* Base */ = {isa = PBXFileReference; lastKnownFileType = file.storyboard; name = Base; path = Base.lproj/Main.storyboard; sourceTree = "<group>"; };
		CE04A29F21C58A7100D044D4 /* water.xcdatamodel */ = {isa = PBXFileReference; lastKnownFileType = wrapper.xcdatamodel; path = water.xcdatamodel; sourceTree = "<group>"; };
		CE04A2A121C58A7200D044D4 /* Assets.xcassets */ = {isa = PBXFileReference; lastKnownFileType = folder.assetcatalog; path = Assets.xcassets; sourceTree = "<group>"; };
		CE04A2A421C58A7200D044D4 /* Base */ = {isa = PBXFileReference; lastKnownFileType = file.storyboard; name = Base; path = Base.lproj/LaunchScreen.storyboard; sourceTree = "<group>"; };
		CE04A2A621C58A7200D044D4 /* Info.plist */ = {isa = PBXFileReference; lastKnownFileType = text.plist.xml; path = Info.plist; sourceTree = "<group>"; };
		CE04A2A721C58A7200D044D4 /* main.m */ = {isa = PBXFileReference; lastKnownFileType = sourcecode.c.objc; path = main.m; sourceTree = "<group>"; };
		CE04A2AD21C58A7200D044D4 /* waterSimulationTests.xctest */ = {isa = PBXFileReference; explicitFileType = wrapper.cfbundle; includeInIndex = 0; path = waterSimulationTests.xctest; sourceTree = BUILT_PRODUCTS_DIR; };
		CE04A2B121C58A7200D044D4 /* waterTests.m */ = {isa = PBXFileReference; lastKnownFileType = sourcecode.c.objc; path = waterTests.m; sourceTree = "<group>"; };
		CE04A2B321C58A7200D044D4 /* Info.plist */ = {isa = PBXFileReference; lastKnownFileType = text.plist.xml; path = Info.plist; sourceTree = "<group>"; };
		CE04A2B821C58A7200D044D4 /* waterSimulationUITests.xctest */ = {isa = PBXFileReference; explicitFileType = wrapper.cfbundle; includeInIndex = 0; path = waterSimulationUITests.xctest; sourceTree = BUILT_PRODUCTS_DIR; };
		CE04A2BC21C58A7200D044D4 /* waterUITests.m */ = {isa = PBXFileReference; lastKnownFileType = sourcecode.c.objc; path = waterUITests.m; sourceTree = "<group>"; };
		CE04A2BE21C58A7200D044D4 /* Info.plist */ = {isa = PBXFileReference; lastKnownFileType = text.plist.xml; path = Info.plist; sourceTree = "<group>"; };
		CE04AF9521C58B7900D044D4 /* b2Body.cpp */ = {isa = PBXFileReference; fileEncoding = 4; lastKnownFileType = sourcecode.cpp.cpp; path = b2Body.cpp; sourceTree = "<group>"; };
		CE04AF9621C58B7900D044D4 /* b2World.cpp */ = {isa = PBXFileReference; fileEncoding = 4; lastKnownFileType = sourcecode.cpp.cpp; path = b2World.cpp; sourceTree = "<group>"; };
		CE04AF9721C58B7900D044D4 /* b2Fixture.cpp */ = {isa = PBXFileReference; fileEncoding = 4; lastKnownFileType = sourcecode.cpp.cpp; path = b2Fixture.cpp; sourceTree = "<group>"; };
		CE04AF9821C58B7900D044D4 /* b2World.h */ = {isa = PBXFileReference; fileEncoding = 4; lastKnownFileType = sourcecode.c.h; path = b2World.h; sourceTree = "<group>"; };
		CE04AF9A21C58B7900D044D4 /* b2ContactSolver.h */ = {isa = PBXFileReference; fileEncoding = 4; lastKnownFileType = sourcecode.c.h; path = b2ContactSolver.h; sourceTree = "<group>"; };
		CE04AF9B21C58B7900D044D4 /* b2ChainAndCircleContact.h */ = {isa = PBXFileReference; fileEncoding = 4; lastKnownFileType = sourcecode.c.h; path = b2ChainAndCircleContact.h; sourceTree = "<group>"; };
		CE04AF9C21C58B7900D044D4 /* b2PolygonAndCircleContact.h */ = {isa = PBXFileReference; fileEncoding = 4; lastKnownFileType = sourcecode.c.h; path = b2PolygonAndCircleContact.h; sourceTree = "<group>"; };
		CE04AF9D21C58B7900D044D4 /* b2EdgeAndCircleContact.h */ = {isa = PBXFileReference; fileEncoding = 4; lastKnownFileType = sourcecode.c.h; path = b2EdgeAndCircleContact.h; sourceTree = "<group>"; };
		CE04AF9E21C58B7900D044D4 /* b2ChainAndPolygonContact.cpp */ = {isa = PBXFileReference; fileEncoding = 4; lastKnownFileType = sourcecode.cpp.cpp; path = b2ChainAndPolygonContact.cpp; sourceTree = "<group>"; };
		CE04AF9F21C58B7900D044D4 /* b2EdgeAndPolygonContact.h */ = {isa = PBXFileReference; fileEncoding = 4; lastKnownFileType = sourcecode.c.h; path = b2EdgeAndPolygonContact.h; sourceTree = "<group>"; };
		CE04AFA021C58B7900D044D4 /* b2EdgeAndPolygonContact.cpp */ = {isa = PBXFileReference; fileEncoding = 4; lastKnownFileType = sourcecode.cpp.cpp; path = b2EdgeAndPolygonContact.cpp; sourceTree = "<group>"; };
		CE04AFA121C58B7900D044D4 /* b2ChainAndCircleContact.cpp */ = {isa = PBXFileReference; fileEncoding = 4; lastKnownFileType = sourcecode.cpp.cpp; path = b2ChainAndCircleContact.cpp; sourceTree = "<group>"; };
		CE04AFA221C58B7900D044D4 /* b2PolygonAndCircleContact.cpp */ = {isa = PBXFileReference; fileEncoding = 4; lastKnownFileType = sourcecode.cpp.cpp; path = b2PolygonAndCircleContact.cpp; sourceTree = "<group>"; };
		CE04AFA321C58B7900D044D4 /* b2Contact.h */ = {isa = PBXFileReference; fileEncoding = 4; lastKnownFileType = sourcecode.c.h; path = b2Contact.h; sourceTree = "<group>"; };
		CE04AFA421C58B7900D044D4 /* b2PolygonContact.cpp */ = {isa = PBXFileReference; fileEncoding = 4; lastKnownFileType = sourcecode.cpp.cpp; path = b2PolygonContact.cpp; sourceTree = "<group>"; };
		CE04AFA521C58B7900D044D4 /* b2CircleContact.h */ = {isa = PBXFileReference; fileEncoding = 4; lastKnownFileType = sourcecode.c.h; path = b2CircleContact.h; sourceTree = "<group>"; };
		CE04AFA621C58B7900D044D4 /* b2ChainAndPolygonContact.h */ = {isa = PBXFileReference; fileEncoding = 4; lastKnownFileType = sourcecode.c.h; path = b2ChainAndPolygonContact.h; sourceTree = "<group>"; };
		CE04AFA721C58B7900D044D4 /* b2PolygonContact.h */ = {isa = PBXFileReference; fileEncoding = 4; lastKnownFileType = sourcecode.c.h; path = b2PolygonContact.h; sourceTree = "<group>"; };
		CE04AFA821C58B7900D044D4 /* b2ContactSolver.cpp */ = {isa = PBXFileReference; fileEncoding = 4; lastKnownFileType = sourcecode.cpp.cpp; path = b2ContactSolver.cpp; sourceTree = "<group>"; };
		CE04AFA921C58B7900D044D4 /* b2CircleContact.cpp */ = {isa = PBXFileReference; fileEncoding = 4; lastKnownFileType = sourcecode.cpp.cpp; path = b2CircleContact.cpp; sourceTree = "<group>"; };
		CE04AFAA21C58B7900D044D4 /* b2EdgeAndCircleContact.cpp */ = {isa = PBXFileReference; fileEncoding = 4; lastKnownFileType = sourcecode.cpp.cpp; path = b2EdgeAndCircleContact.cpp; sourceTree = "<group>"; };
		CE04AFAB21C58B7900D044D4 /* b2Contact.cpp */ = {isa = PBXFileReference; fileEncoding = 4; lastKnownFileType = sourcecode.cpp.cpp; path = b2Contact.cpp; sourceTree = "<group>"; };
		CE04AFAC21C58B7900D044D4 /* b2WorldCallbacks.cpp */ = {isa = PBXFileReference; fileEncoding = 4; lastKnownFileType = sourcecode.cpp.cpp; path = b2WorldCallbacks.cpp; sourceTree = "<group>"; };
		CE04AFAE21C58B7900D044D4 /* b2WeldJoint.cpp */ = {isa = PBXFileReference; fileEncoding = 4; lastKnownFileType = sourcecode.cpp.cpp; path = b2WeldJoint.cpp; sourceTree = "<group>"; };
		CE04AFAF21C58B7900D044D4 /* b2MouseJoint.cpp */ = {isa = PBXFileReference; fileEncoding = 4; lastKnownFileType = sourcecode.cpp.cpp; path = b2MouseJoint.cpp; sourceTree = "<group>"; };
		CE04AFB021C58B7900D044D4 /* b2FrictionJoint.cpp */ = {isa = PBXFileReference; fileEncoding = 4; lastKnownFileType = sourcecode.cpp.cpp; path = b2FrictionJoint.cpp; sourceTree = "<group>"; };
		CE04AFB121C58B7900D044D4 /* b2PrismaticJoint.h */ = {isa = PBXFileReference; fileEncoding = 4; lastKnownFileType = sourcecode.c.h; path = b2PrismaticJoint.h; sourceTree = "<group>"; };
		CE04AFB221C58B7900D044D4 /* b2PulleyJoint.h */ = {isa = PBXFileReference; fileEncoding = 4; lastKnownFileType = sourcecode.c.h; path = b2PulleyJoint.h; sourceTree = "<group>"; };
		CE04AFB321C58B7900D044D4 /* b2RopeJoint.h */ = {isa = PBXFileReference; fileEncoding = 4; lastKnownFileType = sourcecode.c.h; path = b2RopeJoint.h; sourceTree = "<group>"; };
		CE04AFB421C58B7900D044D4 /* b2WeldJoint.h */ = {isa = PBXFileReference; fileEncoding = 4; lastKnownFileType = sourcecode.c.h; path = b2WeldJoint.h; sourceTree = "<group>"; };
		CE04AFB521C58B7900D044D4 /* b2GearJoint.h */ = {isa = PBXFileReference; fileEncoding = 4; lastKnownFileType = sourcecode.c.h; path = b2GearJoint.h; sourceTree = "<group>"; };
		CE04AFB621C58B7900D044D4 /* b2DistanceJoint.h */ = {isa = PBXFileReference; fileEncoding = 4; lastKnownFileType = sourcecode.c.h; path = b2DistanceJoint.h; sourceTree = "<group>"; };
		CE04AFB721C58B7900D044D4 /* b2MouseJoint.h */ = {isa = PBXFileReference; fileEncoding = 4; lastKnownFileType = sourcecode.c.h; path = b2MouseJoint.h; sourceTree = "<group>"; };
		CE04AFB821C58B7900D044D4 /* b2DistanceJoint.cpp */ = {isa = PBXFileReference; fileEncoding = 4; lastKnownFileType = sourcecode.cpp.cpp; path = b2DistanceJoint.cpp; sourceTree = "<group>"; };
		CE04AFB921C58B7900D044D4 /* b2WheelJoint.cpp */ = {isa = PBXFileReference; fileEncoding = 4; lastKnownFileType = sourcecode.cpp.cpp; path = b2WheelJoint.cpp; sourceTree = "<group>"; };
		CE04AFBA21C58B7900D044D4 /* b2MotorJoint.cpp */ = {isa = PBXFileReference; fileEncoding = 4; lastKnownFileType = sourcecode.cpp.cpp; path = b2MotorJoint.cpp; sourceTree = "<group>"; };
		CE04AFBB21C58B7900D044D4 /* b2Joint.h */ = {isa = PBXFileReference; fileEncoding = 4; lastKnownFileType = sourcecode.c.h; path = b2Joint.h; sourceTree = "<group>"; };
		CE04AFBC21C58B7900D044D4 /* b2RevoluteJoint.h */ = {isa = PBXFileReference; fileEncoding = 4; lastKnownFileType = sourcecode.c.h; path = b2RevoluteJoint.h; sourceTree = "<group>"; };
		CE04AFBD21C58B7900D044D4 /* b2RevoluteJoint.cpp */ = {isa = PBXFileReference; fileEncoding = 4; lastKnownFileType = sourcecode.cpp.cpp; path = b2RevoluteJoint.cpp; sourceTree = "<group>"; };
		CE04AFBE21C58B7900D044D4 /* b2FrictionJoint.h */ = {isa = PBXFileReference; fileEncoding = 4; lastKnownFileType = sourcecode.c.h; path = b2FrictionJoint.h; sourceTree = "<group>"; };
		CE04AFBF21C58B7900D044D4 /* b2GearJoint.cpp */ = {isa = PBXFileReference; fileEncoding = 4; lastKnownFileType = sourcecode.cpp.cpp; path = b2GearJoint.cpp; sourceTree = "<group>"; };
		CE04AFC021C58B7900D044D4 /* b2Joint.cpp */ = {isa = PBXFileReference; fileEncoding = 4; lastKnownFileType = sourcecode.cpp.cpp; path = b2Joint.cpp; sourceTree = "<group>"; };
		CE04AFC121C58B7900D044D4 /* b2PrismaticJoint.cpp */ = {isa = PBXFileReference; fileEncoding = 4; lastKnownFileType = sourcecode.cpp.cpp; path = b2PrismaticJoint.cpp; sourceTree = "<group>"; };
		CE04AFC221C58B7900D044D4 /* b2PulleyJoint.cpp */ = {isa = PBXFileReference; fileEncoding = 4; lastKnownFileType = sourcecode.cpp.cpp; path = b2PulleyJoint.cpp; sourceTree = "<group>"; };
		CE04AFC321C58B7900D044D4 /* b2WheelJoint.h */ = {isa = PBXFileReference; fileEncoding = 4; lastKnownFileType = sourcecode.c.h; path = b2WheelJoint.h; sourceTree = "<group>"; };
		CE04AFC421C58B7900D044D4 /* b2RopeJoint.cpp */ = {isa = PBXFileReference; fileEncoding = 4; lastKnownFileType = sourcecode.cpp.cpp; path = b2RopeJoint.cpp; sourceTree = "<group>"; };
		CE04AFC521C58B7900D044D4 /* b2MotorJoint.h */ = {isa = PBXFileReference; fileEncoding = 4; lastKnownFileType = sourcecode.c.h; path = b2MotorJoint.h; sourceTree = "<group>"; };
		CE04AFC621C58B7900D044D4 /* b2Body.h */ = {isa = PBXFileReference; fileEncoding = 4; lastKnownFileType = sourcecode.c.h; path = b2Body.h; sourceTree = "<group>"; };
		CE04AFC721C58B7900D044D4 /* b2Island.cpp */ = {isa = PBXFileReference; fileEncoding = 4; lastKnownFileType = sourcecode.cpp.cpp; path = b2Island.cpp; sourceTree = "<group>"; };
		CE04AFC821C58B7900D044D4 /* b2Fixture.h */ = {isa = PBXFileReference; fileEncoding = 4; lastKnownFileType = sourcecode.c.h; path = b2Fixture.h; sourceTree = "<group>"; };
		CE04AFC921C58B7900D044D4 /* b2TimeStep.h */ = {isa = PBXFileReference; fileEncoding = 4; lastKnownFileType = sourcecode.c.h; path = b2TimeStep.h; sourceTree = "<group>"; };
		CE04AFCA21C58B7900D044D4 /* b2WorldCallbacks.h */ = {isa = PBXFileReference; fileEncoding = 4; lastKnownFileType = sourcecode.c.h; path = b2WorldCallbacks.h; sourceTree = "<group>"; };
		CE04AFCB21C58B7900D044D4 /* b2ContactManager.h */ = {isa = PBXFileReference; fileEncoding = 4; lastKnownFileType = sourcecode.c.h; path = b2ContactManager.h; sourceTree = "<group>"; };
		CE04AFCC21C58B7900D044D4 /* b2Island.h */ = {isa = PBXFileReference; fileEncoding = 4; lastKnownFileType = sourcecode.c.h; path = b2Island.h; sourceTree = "<group>"; };
		CE04AFCD21C58B7900D044D4 /* b2ContactManager.cpp */ = {isa = PBXFileReference; fileEncoding = 4; lastKnownFileType = sourcecode.cpp.cpp; path = b2ContactManager.cpp; sourceTree = "<group>"; };
		CE04AFCF21C58B7900D044D4 /* Box2D.h */ = {isa = PBXFileReference; fileEncoding = 4; lastKnownFileType = sourcecode.c.h; path = Box2D.h; sourceTree = "<group>"; };
		CE04AFD121C58B7900D044D4 /* b2Rope.h */ = {isa = PBXFileReference; fileEncoding = 4; lastKnownFileType = sourcecode.c.h; path = b2Rope.h; sourceTree = "<group>"; };
		CE04AFD221C58B7900D044D4 /* b2Rope.cpp */ = {isa = PBXFileReference; fileEncoding = 4; lastKnownFileType = sourcecode.cpp.cpp; path = b2Rope.cpp; sourceTree = "<group>"; };
		CE04AFD521C58B7900D044D4 /* b2IntrusiveList.h */ = {isa = PBXFileReference; fileEncoding = 4; lastKnownFileType = sourcecode.c.h; path = b2IntrusiveList.h; sourceTree = "<group>"; };
		CE04AFD621C58B7900D044D4 /* b2TrackedBlock.h */ = {isa = PBXFileReference; fileEncoding = 4; lastKnownFileType = sourcecode.c.h; path = b2TrackedBlock.h; sourceTree = "<group>"; };
		CE04AFD721C58B7900D044D4 /* b2StackAllocator.h */ = {isa = PBXFileReference; fileEncoding = 4; lastKnownFileType = sourcecode.c.h; path = b2StackAllocator.h; sourceTree = "<group>"; };
		CE04AFD821C58B7900D044D4 /* b2Draw.cpp */ = {isa = PBXFileReference; fileEncoding = 4; lastKnownFileType = sourcecode.cpp.cpp; path = b2Draw.cpp; sourceTree = "<group>"; };
		CE04AFD921C58B7900D044D4 /* b2GrowableStack.h */ = {isa = PBXFileReference; fileEncoding = 4; lastKnownFileType = sourcecode.c.h; path = b2GrowableStack.h; sourceTree = "<group>"; };
		CE04AFDA21C58B7900D044D4 /* b2TrackedBlock.cpp */ = {isa = PBXFileReference; fileEncoding = 4; lastKnownFileType = sourcecode.cpp.cpp; path = b2TrackedBlock.cpp; sourceTree = "<group>"; };
		CE04AFDB21C58B7900D044D4 /* b2BlockAllocator.cpp */ = {isa = PBXFileReference; fileEncoding = 4; lastKnownFileType = sourcecode.cpp.cpp; path = b2BlockAllocator.cpp; sourceTree = "<group>"; };
		CE04AFDC21C58B7900D044D4 /* b2BlockAllocator.h */ = {isa = PBXFileReference; fileEncoding = 4; lastKnownFileType = sourcecode.c.h; path = b2BlockAllocator.h; sourceTree = "<group>"; };
		CE04AFDD21C58B7900D044D4 /* b2Settings.cpp */ = {isa = PBXFileReference; fileEncoding = 4; lastKnownFileType = sourcecode.cpp.cpp; path = b2Settings.cpp; sourceTree = "<group>"; };
		CE04AFDE21C58B7900D044D4 /* b2Timer.h */ = {isa = PBXFileReference; fileEncoding = 4; lastKnownFileType = sourcecode.c.h; path = b2Timer.h; sourceTree = "<group>"; };
		CE04AFDF21C58B7900D044D4 /* b2Stat.h */ = {isa = PBXFileReference; fileEncoding = 4; lastKnownFileType = sourcecode.c.h; path = b2Stat.h; sourceTree = "<group>"; };
		CE04AFE021C58B7900D044D4 /* b2Timer.cpp */ = {isa = PBXFileReference; fileEncoding = 4; lastKnownFileType = sourcecode.cpp.cpp; path = b2Timer.cpp; sourceTree = "<group>"; };
		CE04AFE121C58B7900D044D4 /* b2Math.h */ = {isa = PBXFileReference; fileEncoding = 4; lastKnownFileType = sourcecode.c.h; path = b2Math.h; sourceTree = "<group>"; };
		CE04AFE221C58B7900D044D4 /* b2Stat.cpp */ = {isa = PBXFileReference; fileEncoding = 4; lastKnownFileType = sourcecode.cpp.cpp; path = b2Stat.cpp; sourceTree = "<group>"; };
		CE04AFE321C58B7900D044D4 /* b2FreeList.cpp */ = {isa = PBXFileReference; fileEncoding = 4; lastKnownFileType = sourcecode.cpp.cpp; path = b2FreeList.cpp; sourceTree = "<group>"; };
		CE04AFE421C58B7900D044D4 /* b2SlabAllocator.h */ = {isa = PBXFileReference; fileEncoding = 4; lastKnownFileType = sourcecode.c.h; path = b2SlabAllocator.h; sourceTree = "<group>"; };
		CE04AFE521C58B7900D044D4 /* b2StackAllocator.cpp */ = {isa = PBXFileReference; fileEncoding = 4; lastKnownFileType = sourcecode.cpp.cpp; path = b2StackAllocator.cpp; sourceTree = "<group>"; };
		CE04AFE621C58B7900D044D4 /* b2Math.cpp */ = {isa = PBXFileReference; fileEncoding = 4; lastKnownFileType = sourcecode.cpp.cpp; path = b2Math.cpp; sourceTree = "<group>"; };
		CE04AFE721C58B7900D044D4 /* b2Draw.h */ = {isa = PBXFileReference; fileEncoding = 4; lastKnownFileType = sourcecode.c.h; path = b2Draw.h; sourceTree = "<group>"; };
		CE04AFE821C58B7900D044D4 /* b2Settings.h */ = {isa = PBXFileReference; fileEncoding = 4; lastKnownFileType = sourcecode.c.h; path = b2Settings.h; sourceTree = "<group>"; };
		CE04AFE921C58B7900D044D4 /* b2FreeList.h */ = {isa = PBXFileReference; fileEncoding = 4; lastKnownFileType = sourcecode.c.h; path = b2FreeList.h; sourceTree = "<group>"; };
		CE04AFEA21C58B7900D044D4 /* b2GrowableBuffer.h */ = {isa = PBXFileReference; fileEncoding = 4; lastKnownFileType = sourcecode.c.h; path = b2GrowableBuffer.h; sourceTree = "<group>"; };
		CE04AFED21C58B7900D044D4 /* b2ParticleGroup.cpp */ = {isa = PBXFileReference; fileEncoding = 4; lastKnownFileType = sourcecode.cpp.cpp; path = b2ParticleGroup.cpp; sourceTree = "<group>"; };
		CE04AFEE21C58B7900D044D4 /* b2VoronoiDiagram.cpp */ = {isa = PBXFileReference; fileEncoding = 4; lastKnownFileType = sourcecode.cpp.cpp; path = b2VoronoiDiagram.cpp; sourceTree = "<group>"; };
		CE04AFEF21C58B7900D044D4 /* b2ParticleSystem.h */ = {isa = PBXFileReference; fileEncoding = 4; lastKnownFileType = sourcecode.c.h; path = b2ParticleSystem.h; sourceTree = "<group>"; };
		CE04AFF021C58B7900D044D4 /* b2ParticleSystem.cpp */ = {isa = PBXFileReference; fileEncoding = 4; lastKnownFileType = sourcecode.cpp.cpp; path = b2ParticleSystem.cpp; sourceTree = "<group>"; };
		CE04AFF221C58B7900D044D4 /* b2Particle.h */ = {isa = PBXFileReference; fileEncoding = 4; lastKnownFileType = sourcecode.c.h; path = b2Particle.h; sourceTree = "<group>"; };
		CE04AFF321C58B7900D044D4 /* b2ParticleGroup.h */ = {isa = PBXFileReference; fileEncoding = 4; lastKnownFileType = sourcecode.c.h; path = b2ParticleGroup.h; sourceTree = "<group>"; };
		CE04AFF421C58B7900D044D4 /* b2VoronoiDiagram.h */ = {isa = PBXFileReference; fileEncoding = 4; lastKnownFileType = sourcecode.c.h; path = b2VoronoiDiagram.h; sourceTree = "<group>"; };
		CE04AFF521C58B7900D044D4 /* b2Particle.cpp */ = {isa = PBXFileReference; fileEncoding = 4; lastKnownFileType = sourcecode.cpp.cpp; path = b2Particle.cpp; sourceTree = "<group>"; };
		CE04AFF821C58B7900D044D4 /* b2StackQueue.h */ = {isa = PBXFileReference; fileEncoding = 4; lastKnownFileType = sourcecode.c.h; path = b2StackQueue.h; sourceTree = "<group>"; };
		CE04AFFA21C58B7900D044D4 /* b2Collision.h */ = {isa = PBXFileReference; fileEncoding = 4; lastKnownFileType = sourcecode.c.h; path = b2Collision.h; sourceTree = "<group>"; };
		CE04AFFB21C58B7900D044D4 /* b2Distance.cpp */ = {isa = PBXFileReference; fileEncoding = 4; lastKnownFileType = sourcecode.cpp.cpp; path = b2Distance.cpp; sourceTree = "<group>"; };
		CE04AFFC21C58B7900D044D4 /* b2CollideCircle.cpp */ = {isa = PBXFileReference; fileEncoding = 4; lastKnownFileType = sourcecode.cpp.cpp; path = b2CollideCircle.cpp; sourceTree = "<group>"; };
		CE04AFFD21C58B7900D044D4 /* b2CollidePolygon.cpp */ = {isa = PBXFileReference; fileEncoding = 4; lastKnownFileType = sourcecode.cpp.cpp; path = b2CollidePolygon.cpp; sourceTree = "<group>"; };
		CE04AFFE21C58B7900D044D4 /* b2DynamicTree.cpp */ = {isa = PBXFileReference; fileEncoding = 4; lastKnownFileType = sourcecode.cpp.cpp; path = b2DynamicTree.cpp; sourceTree = "<group>"; };
		CE04AFFF21C58B7900D044D4 /* b2DynamicTree.h */ = {isa = PBXFileReference; fileEncoding = 4; lastKnownFileType = sourcecode.c.h; path = b2DynamicTree.h; sourceTree = "<group>"; };
		CE04B00121C58B7900D044D4 /* b2ChainShape.cpp */ = {isa = PBXFileReference; fileEncoding = 4; lastKnownFileType = sourcecode.cpp.cpp; path = b2ChainShape.cpp; sourceTree = "<group>"; };
		CE04B00221C58B7900D044D4 /* b2PolygonShape.h */ = {isa = PBXFileReference; fileEncoding = 4; lastKnownFileType = sourcecode.c.h; path = b2PolygonShape.h; sourceTree = "<group>"; };
		CE04B00321C58B7900D044D4 /* b2Shape.h */ = {isa = PBXFileReference; fileEncoding = 4; lastKnownFileType = sourcecode.c.h; path = b2Shape.h; sourceTree = "<group>"; };
		CE04B00421C58B7900D044D4 /* b2ChainShape.h */ = {isa = PBXFileReference; fileEncoding = 4; lastKnownFileType = sourcecode.c.h; path = b2ChainShape.h; sourceTree = "<group>"; };
		CE04B00521C58B7900D044D4 /* b2EdgeShape.cpp */ = {isa = PBXFileReference; fileEncoding = 4; lastKnownFileType = sourcecode.cpp.cpp; path = b2EdgeShape.cpp; sourceTree = "<group>"; };
		CE04B00621C58B7900D044D4 /* b2CircleShape.cpp */ = {isa = PBXFileReference; fileEncoding = 4; lastKnownFileType = sourcecode.cpp.cpp; path = b2CircleShape.cpp; sourceTree = "<group>"; };
		CE04B00721C58B7900D044D4 /* b2PolygonShape.cpp */ = {isa = PBXFileReference; fileEncoding = 4; lastKnownFileType = sourcecode.cpp.cpp; path = b2PolygonShape.cpp; sourceTree = "<group>"; };
		CE04B00821C58B7900D044D4 /* b2EdgeShape.h */ = {isa = PBXFileReference; fileEncoding = 4; lastKnownFileType = sourcecode.c.h; path = b2EdgeShape.h; sourceTree = "<group>"; };
		CE04B00921C58B7900D044D4 /* b2CircleShape.h */ = {isa = PBXFileReference; fileEncoding = 4; lastKnownFileType = sourcecode.c.h; path = b2CircleShape.h; sourceTree = "<group>"; };
		CE04B00A21C58B7900D044D4 /* b2TimeOfImpact.h */ = {isa = PBXFileReference; fileEncoding = 4; lastKnownFileType = sourcecode.c.h; path = b2TimeOfImpact.h; sourceTree = "<group>"; };
		CE04B00B21C58B7900D044D4 /* b2TimeOfImpact.cpp */ = {isa = PBXFileReference; fileEncoding = 4; lastKnownFileType = sourcecode.cpp.cpp; path = b2TimeOfImpact.cpp; sourceTree = "<group>"; };
		CE04B00C21C58B7900D044D4 /* b2BroadPhase.cpp */ = {isa = PBXFileReference; fileEncoding = 4; lastKnownFileType = sourcecode.cpp.cpp; path = b2BroadPhase.cpp; sourceTree = "<group>"; };
		CE04B00D21C58B7900D044D4 /* b2BroadPhase.h */ = {isa = PBXFileReference; fileEncoding = 4; lastKnownFileType = sourcecode.c.h; path = b2BroadPhase.h; sourceTree = "<group>"; };
		CE04B00E21C58B7900D044D4 /* b2Distance.h */ = {isa = PBXFileReference; fileEncoding = 4; lastKnownFileType = sourcecode.c.h; path = b2Distance.h; sourceTree = "<group>"; };
		CE04B00F21C58B7900D044D4 /* b2CollideEdge.cpp */ = {isa = PBXFileReference; fileEncoding = 4; lastKnownFileType = sourcecode.cpp.cpp; path = b2CollideEdge.cpp; sourceTree = "<group>"; };
		CE04B01021C58B7900D044D4 /* b2Collision.cpp */ = {isa = PBXFileReference; fileEncoding = 4; lastKnownFileType = sourcecode.cpp.cpp; path = b2Collision.cpp; sourceTree = "<group>"; };
		CE04B08E21C58E8900D044D4 /* waterFun.h */ = {isa = PBXFileReference; lastKnownFileType = sourcecode.c.h; path = waterFun.h; sourceTree = "<group>"; };
		CE04B08F21C58E8900D044D4 /* waterFun.mm */ = {isa = PBXFileReference; lastKnownFileType = sourcecode.cpp.objcpp; path = waterFun.mm; sourceTree = "<group>"; };
		CE04B09121C6C6EF00D044D4 /* shaders.metal */ = {isa = PBXFileReference; lastKnownFileType = sourcecode.metal; path = shaders.metal; sourceTree = "<group>"; };
/* End PBXFileReference section */

/* Begin PBXFrameworksBuildPhase section */
		CE04A28F21C58A7100D044D4 /* Frameworks */ = {
			isa = PBXFrameworksBuildPhase;
			buildActionMask = 2147483647;
			files = (
			);
			runOnlyForDeploymentPostprocessing = 0;
		};
		CE04A2AA21C58A7200D044D4 /* Frameworks */ = {
			isa = PBXFrameworksBuildPhase;
			buildActionMask = 2147483647;
			files = (
			);
			runOnlyForDeploymentPostprocessing = 0;
		};
		CE04A2B521C58A7200D044D4 /* Frameworks */ = {
			isa = PBXFrameworksBuildPhase;
			buildActionMask = 2147483647;
			files = (
			);
			runOnlyForDeploymentPostprocessing = 0;
		};
/* End PBXFrameworksBuildPhase section */

/* Begin PBXGroup section */
		CE04A28921C58A7100D044D4 = {
			isa = PBXGroup;
			children = (
				CE04A29421C58A7100D044D4 /* water */,
				CE04A2B021C58A7200D044D4 /* waterTests */,
				CE04A2BB21C58A7200D044D4 /* waterUITests */,
				CE04A29321C58A7100D044D4 /* Products */,
			);
			sourceTree = "<group>";
		};
		CE04A29321C58A7100D044D4 /* Products */ = {
			isa = PBXGroup;
			children = (
				CE04A29221C58A7100D044D4 /* waterSimulation.app */,
				CE04A2AD21C58A7200D044D4 /* waterSimulationTests.xctest */,
				CE04A2B821C58A7200D044D4 /* waterSimulationUITests.xctest */,
			);
			name = Products;
			sourceTree = "<group>";
		};
		CE04A29421C58A7100D044D4 /* water */ = {
			isa = PBXGroup;
			children = (
				CE04AF4921C58B7900D044D4 /* Box2D */,
				CE04A29521C58A7100D044D4 /* AppDelegate.h */,
				CE04A29621C58A7100D044D4 /* AppDelegate.m */,
				CE04A29821C58A7100D044D4 /* MainViewController.h */,
				CE04A29921C58A7100D044D4 /* MainViewController.m */,
				CE04A29B21C58A7100D044D4 /* Main.storyboard */,
				CE04A2A121C58A7200D044D4 /* Assets.xcassets */,
				CE04A2A321C58A7200D044D4 /* LaunchScreen.storyboard */,
				CE04A2A621C58A7200D044D4 /* Info.plist */,
				CE04A2A721C58A7200D044D4 /* main.m */,
				CE04A29E21C58A7100D044D4 /* water.xcdatamodeld */,
				CE04B08E21C58E8900D044D4 /* waterFun.h */,
				CE04B08F21C58E8900D044D4 /* waterFun.mm */,
				CE04B09121C6C6EF00D044D4 /* shaders.metal */,
			);
			path = water;
			sourceTree = "<group>";
		};
		CE04A2B021C58A7200D044D4 /* waterTests */ = {
			isa = PBXGroup;
			children = (
				CE04A2B121C58A7200D044D4 /* waterTests.m */,
				CE04A2B321C58A7200D044D4 /* Info.plist */,
			);
			path = waterTests;
			sourceTree = "<group>";
		};
		CE04A2BB21C58A7200D044D4 /* waterUITests */ = {
			isa = PBXGroup;
			children = (
				CE04A2BC21C58A7200D044D4 /* waterUITests.m */,
				CE04A2BE21C58A7200D044D4 /* Info.plist */,
			);
			path = waterUITests;
			sourceTree = "<group>";
		};
		CE04AF4921C58B7900D044D4 /* Box2D */ = {
			isa = PBXGroup;
			children = (
				CE04AF9421C58B7900D044D4 /* Dynamics */,
				CE04AFCF21C58B7900D044D4 /* Box2D.h */,
				CE04AFD021C58B7900D044D4 /* Rope */,
				CE04AFD421C58B7900D044D4 /* Common */,
				CE04AFEC21C58B7900D044D4 /* Particle */,
				CE04AFF921C58B7900D044D4 /* Collision */,
			);
			path = Box2D;
			sourceTree = "<group>";
		};
		CE04AF9421C58B7900D044D4 /* Dynamics */ = {
			isa = PBXGroup;
			children = (
				CE04AF9521C58B7900D044D4 /* b2Body.cpp */,
				CE04AF9621C58B7900D044D4 /* b2World.cpp */,
				CE04AF9721C58B7900D044D4 /* b2Fixture.cpp */,
				CE04AF9821C58B7900D044D4 /* b2World.h */,
				CE04AF9921C58B7900D044D4 /* Contacts */,
				CE04AFAC21C58B7900D044D4 /* b2WorldCallbacks.cpp */,
				CE04AFAD21C58B7900D044D4 /* Joints */,
				CE04AFC621C58B7900D044D4 /* b2Body.h */,
				CE04AFC721C58B7900D044D4 /* b2Island.cpp */,
				CE04AFC821C58B7900D044D4 /* b2Fixture.h */,
				CE04AFC921C58B7900D044D4 /* b2TimeStep.h */,
				CE04AFCA21C58B7900D044D4 /* b2WorldCallbacks.h */,
				CE04AFCB21C58B7900D044D4 /* b2ContactManager.h */,
				CE04AFCC21C58B7900D044D4 /* b2Island.h */,
				CE04AFCD21C58B7900D044D4 /* b2ContactManager.cpp */,
			);
			path = Dynamics;
			sourceTree = "<group>";
		};
		CE04AF9921C58B7900D044D4 /* Contacts */ = {
			isa = PBXGroup;
			children = (
				CE04AF9A21C58B7900D044D4 /* b2ContactSolver.h */,
				CE04AF9B21C58B7900D044D4 /* b2ChainAndCircleContact.h */,
				CE04AF9C21C58B7900D044D4 /* b2PolygonAndCircleContact.h */,
				CE04AF9D21C58B7900D044D4 /* b2EdgeAndCircleContact.h */,
				CE04AF9E21C58B7900D044D4 /* b2ChainAndPolygonContact.cpp */,
				CE04AF9F21C58B7900D044D4 /* b2EdgeAndPolygonContact.h */,
				CE04AFA021C58B7900D044D4 /* b2EdgeAndPolygonContact.cpp */,
				CE04AFA121C58B7900D044D4 /* b2ChainAndCircleContact.cpp */,
				CE04AFA221C58B7900D044D4 /* b2PolygonAndCircleContact.cpp */,
				CE04AFA321C58B7900D044D4 /* b2Contact.h */,
				CE04AFA421C58B7900D044D4 /* b2PolygonContact.cpp */,
				CE04AFA521C58B7900D044D4 /* b2CircleContact.h */,
				CE04AFA621C58B7900D044D4 /* b2ChainAndPolygonContact.h */,
				CE04AFA721C58B7900D044D4 /* b2PolygonContact.h */,
				CE04AFA821C58B7900D044D4 /* b2ContactSolver.cpp */,
				CE04AFA921C58B7900D044D4 /* b2CircleContact.cpp */,
				CE04AFAA21C58B7900D044D4 /* b2EdgeAndCircleContact.cpp */,
				CE04AFAB21C58B7900D044D4 /* b2Contact.cpp */,
			);
			path = Contacts;
			sourceTree = "<group>";
		};
		CE04AFAD21C58B7900D044D4 /* Joints */ = {
			isa = PBXGroup;
			children = (
				CE04AFAE21C58B7900D044D4 /* b2WeldJoint.cpp */,
				CE04AFAF21C58B7900D044D4 /* b2MouseJoint.cpp */,
				CE04AFB021C58B7900D044D4 /* b2FrictionJoint.cpp */,
				CE04AFB121C58B7900D044D4 /* b2PrismaticJoint.h */,
				CE04AFB221C58B7900D044D4 /* b2PulleyJoint.h */,
				CE04AFB321C58B7900D044D4 /* b2RopeJoint.h */,
				CE04AFB421C58B7900D044D4 /* b2WeldJoint.h */,
				CE04AFB521C58B7900D044D4 /* b2GearJoint.h */,
				CE04AFB621C58B7900D044D4 /* b2DistanceJoint.h */,
				CE04AFB721C58B7900D044D4 /* b2MouseJoint.h */,
				CE04AFB821C58B7900D044D4 /* b2DistanceJoint.cpp */,
				CE04AFB921C58B7900D044D4 /* b2WheelJoint.cpp */,
				CE04AFBA21C58B7900D044D4 /* b2MotorJoint.cpp */,
				CE04AFBB21C58B7900D044D4 /* b2Joint.h */,
				CE04AFBC21C58B7900D044D4 /* b2RevoluteJoint.h */,
				CE04AFBD21C58B7900D044D4 /* b2RevoluteJoint.cpp */,
				CE04AFBE21C58B7900D044D4 /* b2FrictionJoint.h */,
				CE04AFBF21C58B7900D044D4 /* b2GearJoint.cpp */,
				CE04AFC021C58B7900D044D4 /* b2Joint.cpp */,
				CE04AFC121C58B7900D044D4 /* b2PrismaticJoint.cpp */,
				CE04AFC221C58B7900D044D4 /* b2PulleyJoint.cpp */,
				CE04AFC321C58B7900D044D4 /* b2WheelJoint.h */,
				CE04AFC421C58B7900D044D4 /* b2RopeJoint.cpp */,
				CE04AFC521C58B7900D044D4 /* b2MotorJoint.h */,
			);
			path = Joints;
			sourceTree = "<group>";
		};
		CE04AFD021C58B7900D044D4 /* Rope */ = {
			isa = PBXGroup;
			children = (
				CE04AFD121C58B7900D044D4 /* b2Rope.h */,
				CE04AFD221C58B7900D044D4 /* b2Rope.cpp */,
			);
			path = Rope;
			sourceTree = "<group>";
		};
		CE04AFD421C58B7900D044D4 /* Common */ = {
			isa = PBXGroup;
			children = (
				CE04AFD521C58B7900D044D4 /* b2IntrusiveList.h */,
				CE04AFD621C58B7900D044D4 /* b2TrackedBlock.h */,
				CE04AFD721C58B7900D044D4 /* b2StackAllocator.h */,
				CE04AFD821C58B7900D044D4 /* b2Draw.cpp */,
				CE04AFD921C58B7900D044D4 /* b2GrowableStack.h */,
				CE04AFDA21C58B7900D044D4 /* b2TrackedBlock.cpp */,
				CE04AFDB21C58B7900D044D4 /* b2BlockAllocator.cpp */,
				CE04AFDC21C58B7900D044D4 /* b2BlockAllocator.h */,
				CE04AFDD21C58B7900D044D4 /* b2Settings.cpp */,
				CE04AFDE21C58B7900D044D4 /* b2Timer.h */,
				CE04AFDF21C58B7900D044D4 /* b2Stat.h */,
				CE04AFE021C58B7900D044D4 /* b2Timer.cpp */,
				CE04AFE121C58B7900D044D4 /* b2Math.h */,
				CE04AFE221C58B7900D044D4 /* b2Stat.cpp */,
				CE04AFE321C58B7900D044D4 /* b2FreeList.cpp */,
				CE04AFE421C58B7900D044D4 /* b2SlabAllocator.h */,
				CE04AFE521C58B7900D044D4 /* b2StackAllocator.cpp */,
				CE04AFE621C58B7900D044D4 /* b2Math.cpp */,
				CE04AFE721C58B7900D044D4 /* b2Draw.h */,
				CE04AFE821C58B7900D044D4 /* b2Settings.h */,
				CE04AFE921C58B7900D044D4 /* b2FreeList.h */,
				CE04AFEA21C58B7900D044D4 /* b2GrowableBuffer.h */,
			);
			path = Common;
			sourceTree = "<group>";
		};
		CE04AFEC21C58B7900D044D4 /* Particle */ = {
			isa = PBXGroup;
			children = (
				CE04AFED21C58B7900D044D4 /* b2ParticleGroup.cpp */,
				CE04AFEE21C58B7900D044D4 /* b2VoronoiDiagram.cpp */,
				CE04AFEF21C58B7900D044D4 /* b2ParticleSystem.h */,
				CE04AFF021C58B7900D044D4 /* b2ParticleSystem.cpp */,
				CE04AFF221C58B7900D044D4 /* b2Particle.h */,
				CE04AFF321C58B7900D044D4 /* b2ParticleGroup.h */,
				CE04AFF421C58B7900D044D4 /* b2VoronoiDiagram.h */,
				CE04AFF521C58B7900D044D4 /* b2Particle.cpp */,
				CE04AFF821C58B7900D044D4 /* b2StackQueue.h */,
			);
			path = Particle;
			sourceTree = "<group>";
		};
		CE04AFF921C58B7900D044D4 /* Collision */ = {
			isa = PBXGroup;
			children = (
				CE04AFFA21C58B7900D044D4 /* b2Collision.h */,
				CE04AFFB21C58B7900D044D4 /* b2Distance.cpp */,
				CE04AFFC21C58B7900D044D4 /* b2CollideCircle.cpp */,
				CE04AFFD21C58B7900D044D4 /* b2CollidePolygon.cpp */,
				CE04AFFE21C58B7900D044D4 /* b2DynamicTree.cpp */,
				CE04AFFF21C58B7900D044D4 /* b2DynamicTree.h */,
				CE04B00021C58B7900D044D4 /* Shapes */,
				CE04B00A21C58B7900D044D4 /* b2TimeOfImpact.h */,
				CE04B00B21C58B7900D044D4 /* b2TimeOfImpact.cpp */,
				CE04B00C21C58B7900D044D4 /* b2BroadPhase.cpp */,
				CE04B00D21C58B7900D044D4 /* b2BroadPhase.h */,
				CE04B00E21C58B7900D044D4 /* b2Distance.h */,
				CE04B00F21C58B7900D044D4 /* b2CollideEdge.cpp */,
				CE04B01021C58B7900D044D4 /* b2Collision.cpp */,
			);
			path = Collision;
			sourceTree = "<group>";
		};
		CE04B00021C58B7900D044D4 /* Shapes */ = {
			isa = PBXGroup;
			children = (
				CE04B00121C58B7900D044D4 /* b2ChainShape.cpp */,
				CE04B00221C58B7900D044D4 /* b2PolygonShape.h */,
				CE04B00321C58B7900D044D4 /* b2Shape.h */,
				CE04B00421C58B7900D044D4 /* b2ChainShape.h */,
				CE04B00521C58B7900D044D4 /* b2EdgeShape.cpp */,
				CE04B00621C58B7900D044D4 /* b2CircleShape.cpp */,
				CE04B00721C58B7900D044D4 /* b2PolygonShape.cpp */,
				CE04B00821C58B7900D044D4 /* b2EdgeShape.h */,
				CE04B00921C58B7900D044D4 /* b2CircleShape.h */,
			);
			path = Shapes;
			sourceTree = "<group>";
		};
/* End PBXGroup section */

/* Begin PBXNativeTarget section */
		CE04A29121C58A7100D044D4 /* waterSimulation */ = {
			isa = PBXNativeTarget;
			buildConfigurationList = CE04A2C121C58A7200D044D4 /* Build configuration list for PBXNativeTarget "waterSimulation" */;
			buildPhases = (
				CE04A28E21C58A7100D044D4 /* Sources */,
				CE04A28F21C58A7100D044D4 /* Frameworks */,
				CE04A29021C58A7100D044D4 /* Resources */,
			);
			buildRules = (
			);
			dependencies = (
			);
			name = waterSimulation;
			productName = water;
			productReference = CE04A29221C58A7100D044D4 /* waterSimulation.app */;
			productType = "com.apple.product-type.application";
		};
		CE04A2AC21C58A7200D044D4 /* waterSimulationTests */ = {
			isa = PBXNativeTarget;
			buildConfigurationList = CE04A2C421C58A7200D044D4 /* Build configuration list for PBXNativeTarget "waterSimulationTests" */;
			buildPhases = (
				CE04A2A921C58A7200D044D4 /* Sources */,
				CE04A2AA21C58A7200D044D4 /* Frameworks */,
				CE04A2AB21C58A7200D044D4 /* Resources */,
			);
			buildRules = (
			);
			dependencies = (
				CE04A2AF21C58A7200D044D4 /* PBXTargetDependency */,
			);
			name = waterSimulationTests;
			productName = waterTests;
			productReference = CE04A2AD21C58A7200D044D4 /* waterSimulationTests.xctest */;
			productType = "com.apple.product-type.bundle.unit-test";
		};
		CE04A2B721C58A7200D044D4 /* waterSimulationUITests */ = {
			isa = PBXNativeTarget;
			buildConfigurationList = CE04A2C721C58A7200D044D4 /* Build configuration list for PBXNativeTarget "waterSimulationUITests" */;
			buildPhases = (
				CE04A2B421C58A7200D044D4 /* Sources */,
				CE04A2B521C58A7200D044D4 /* Frameworks */,
				CE04A2B621C58A7200D044D4 /* Resources */,
			);
			buildRules = (
			);
			dependencies = (
				CE04A2BA21C58A7200D044D4 /* PBXTargetDependency */,
			);
			name = waterSimulationUITests;
			productName = waterUITests;
			productReference = CE04A2B821C58A7200D044D4 /* waterSimulationUITests.xctest */;
			productType = "com.apple.product-type.bundle.ui-testing";
		};
/* End PBXNativeTarget section */

/* Begin PBXProject section */
		CE04A28A21C58A7100D044D4 /* Project object */ = {
			isa = PBXProject;
			attributes = {
				LastUpgradeCheck = 1010;
				ORGANIZATIONNAME = "Wang Tom";
				TargetAttributes = {
					CE04A29121C58A7100D044D4 = {
						CreatedOnToolsVersion = 10.1;
					};
					CE04A2AC21C58A7200D044D4 = {
						CreatedOnToolsVersion = 10.1;
						TestTargetID = CE04A29121C58A7100D044D4;
					};
					CE04A2B721C58A7200D044D4 = {
						CreatedOnToolsVersion = 10.1;
						TestTargetID = CE04A29121C58A7100D044D4;
					};
				};
			};
			buildConfigurationList = CE04A28D21C58A7100D044D4 /* Build configuration list for PBXProject "waterSimulation" */;
			compatibilityVersion = "Xcode 9.3";
			developmentRegion = en;
			hasScannedForEncodings = 0;
			knownRegions = (
				en,
				Base,
			);
			mainGroup = CE04A28921C58A7100D044D4;
			productRefGroup = CE04A29321C58A7100D044D4 /* Products */;
			projectDirPath = "";
			projectRoot = "";
			targets = (
				CE04A29121C58A7100D044D4 /* waterSimulation */,
				CE04A2AC21C58A7200D044D4 /* waterSimulationTests */,
				CE04A2B721C58A7200D044D4 /* waterSimulationUITests */,
			);
		};
/* End PBXProject section */

/* Begin PBXResourcesBuildPhase section */
		CE04A29021C58A7100D044D4 /* Resources */ = {
			isa = PBXResourcesBuildPhase;
			buildActionMask = 2147483647;
			files = (
				CE04A2A521C58A7200D044D4 /* LaunchScreen.storyboard in Resources */,
				CE04A2A221C58A7200D044D4 /* Assets.xcassets in Resources */,
				CE04A29D21C58A7100D044D4 /* Main.storyboard in Resources */,
			);
			runOnlyForDeploymentPostprocessing = 0;
		};
		CE04A2AB21C58A7200D044D4 /* Resources */ = {
			isa = PBXResourcesBuildPhase;
			buildActionMask = 2147483647;
			files = (
			);
			runOnlyForDeploymentPostprocessing = 0;
		};
		CE04A2B621C58A7200D044D4 /* Resources */ = {
			isa = PBXResourcesBuildPhase;
			buildActionMask = 2147483647;
			files = (
			);
			runOnlyForDeploymentPostprocessing = 0;
		};
/* End PBXResourcesBuildPhase section */

/* Begin PBXSourcesBuildPhase section */
		CE04A28E21C58A7100D044D4 /* Sources */ = {
			isa = PBXSourcesBuildPhase;
			buildActionMask = 2147483647;
			files = (
				CE04A2A021C58A7100D044D4 /* water.xcdatamodeld in Sources */,
				CE04B05421C58B7900D044D4 /* b2Body.cpp in Sources */,
				CE04B06721C58B7900D044D4 /* b2RevoluteJoint.cpp in Sources */,
				CE04B05521C58B7900D044D4 /* b2World.cpp in Sources */,
				CE04B06221C58B7900D044D4 /* b2MouseJoint.cpp in Sources */,
				CE04B07D21C58B7900D044D4 /* b2VoronoiDiagram.cpp in Sources */,
				CE04B07021C58B7900D044D4 /* b2Rope.cpp in Sources */,
				CE04B05721C58B7900D044D4 /* b2ChainAndPolygonContact.cpp in Sources */,
				CE04B05921C58B7900D044D4 /* b2ChainAndCircleContact.cpp in Sources */,
				CE04B09021C58E8900D044D4 /* waterFun.mm in Sources */,
				CE04B07A21C58B7900D044D4 /* b2Math.cpp in Sources */,
				CE04B05B21C58B7900D044D4 /* b2PolygonContact.cpp in Sources */,
				CE04B07621C58B7900D044D4 /* b2Timer.cpp in Sources */,
				CE04B06621C58B7900D044D4 /* b2MotorJoint.cpp in Sources */,
				CE04B08221C58B7900D044D4 /* b2Distance.cpp in Sources */,
				CE04B07821C58B7900D044D4 /* b2FreeList.cpp in Sources */,
				CE04B08921C58B7900D044D4 /* b2PolygonShape.cpp in Sources */,
				CE04B08A21C58B7900D044D4 /* b2TimeOfImpact.cpp in Sources */,
				CE04B08B21C58B7900D044D4 /* b2BroadPhase.cpp in Sources */,
				CE04B06121C58B7900D044D4 /* b2WeldJoint.cpp in Sources */,
				CE04A29A21C58A7100D044D4 /* MainViewController.m in Sources */,
				CE04B07221C58B7900D044D4 /* b2Draw.cpp in Sources */,
				CE04B06E21C58B7900D044D4 /* b2ContactManager.cpp in Sources */,
				CE04B07E21C58B7900D044D4 /* b2ParticleSystem.cpp in Sources */,
				CE04B07321C58B7900D044D4 /* b2TrackedBlock.cpp in Sources */,
				CE04B08C21C58B7900D044D4 /* b2CollideEdge.cpp in Sources */,
				CE04B08021C58B7900D044D4 /* b2Particle.cpp in Sources */,
				CE04B06821C58B7900D044D4 /* b2GearJoint.cpp in Sources */,
				CE04B05621C58B7900D044D4 /* b2Fixture.cpp in Sources */,
				CE04B06021C58B7900D044D4 /* b2WorldCallbacks.cpp in Sources */,
				CE04A2A821C58A7200D044D4 /* main.m in Sources */,
				CE04B07421C58B7900D044D4 /* b2BlockAllocator.cpp in Sources */,
				CE04B05A21C58B7900D044D4 /* b2PolygonAndCircleContact.cpp in Sources */,
				CE04B08821C58B7900D044D4 /* b2CircleShape.cpp in Sources */,
				CE04B08621C58B7900D044D4 /* b2ChainShape.cpp in Sources */,
				CE04B08D21C58B7900D044D4 /* b2Collision.cpp in Sources */,
				CE04B06421C58B7900D044D4 /* b2DistanceJoint.cpp in Sources */,
				CE04B08721C58B7900D044D4 /* b2EdgeShape.cpp in Sources */,
				CE04B05E21C58B7900D044D4 /* b2EdgeAndCircleContact.cpp in Sources */,
				CE04B06A21C58B7900D044D4 /* b2PrismaticJoint.cpp in Sources */,
				CE04B06321C58B7900D044D4 /* b2FrictionJoint.cpp in Sources */,
				CE04B05D21C58B7900D044D4 /* b2CircleContact.cpp in Sources */,
				CE04B06C21C58B7900D044D4 /* b2RopeJoint.cpp in Sources */,
				CE04B06B21C58B7900D044D4 /* b2PulleyJoint.cpp in Sources */,
				CE04B06921C58B7900D044D4 /* b2Joint.cpp in Sources */,
				CE04B05821C58B7900D044D4 /* b2EdgeAndPolygonContact.cpp in Sources */,
				CE04B07921C58B7900D044D4 /* b2StackAllocator.cpp in Sources */,
				CE04B07721C58B7900D044D4 /* b2Stat.cpp in Sources */,
				CE04B05C21C58B7900D044D4 /* b2ContactSolver.cpp in Sources */,
				CE04B06D21C58B7900D044D4 /* b2Island.cpp in Sources */,
				CE04B09221C6C6EF00D044D4 /* shaders.metal in Sources */,
				CE04B07521C58B7900D044D4 /* b2Settings.cpp in Sources */,
				CE04B08321C58B7900D044D4 /* b2CollideCircle.cpp in Sources */,
				CE04B08421C58B7900D044D4 /* b2CollidePolygon.cpp in Sources */,
				CE04B05F21C58B7900D044D4 /* b2Contact.cpp in Sources */,
				CE04B08521C58B7900D044D4 /* b2DynamicTree.cpp in Sources */,
				CE04B06521C58B7900D044D4 /* b2WheelJoint.cpp in Sources */,
				CE04A29721C58A7100D044D4 /* AppDelegate.m in Sources */,
				CE04B07C21C58B7900D044D4 /* b2ParticleGroup.cpp in Sources */,
			);
			runOnlyForDeploymentPostprocessing = 0;
		};
		CE04A2A921C58A7200D044D4 /* Sources */ = {
			isa = PBXSourcesBuildPhase;
			buildActionMask = 2147483647;
			files = (
				CE04A2B221C58A7200D044D4 /* waterTests.m in Sources */,
			);
			runOnlyForDeploymentPostprocessing = 0;
		};
		CE04A2B421C58A7200D044D4 /* Sources */ = {
			isa = PBXSourcesBuildPhase;
			buildActionMask = 2147483647;
			files = (
				CE04A2BD21C58A7200D044D4 /* waterUITests.m in Sources */,
			);
			runOnlyForDeploymentPostprocessing = 0;
		};
/* End PBXSourcesBuildPhase section */

/* Begin PBXTargetDependency section */
		CE04A2AF21C58A7200D044D4 /* PBXTargetDependency */ = {
			isa = PBXTargetDependency;
			target = CE04A29121C58A7100D044D4 /* waterSimulation */;
			targetProxy = CE04A2AE21C58A7200D044D4 /* PBXContainerItemProxy */;
		};
		CE04A2BA21C58A7200D044D4 /* PBXTargetDependency */ = {
			isa = PBXTargetDependency;
			target = CE04A29121C58A7100D044D4 /* waterSimulation */;
			targetProxy = CE04A2B921C58A7200D044D4 /* PBXContainerItemProxy */;
		};
/* End PBXTargetDependency section */

/* Begin PBXVariantGroup section */
		CE04A29B21C58A7100D044D4 /* Main.storyboard */ = {
			isa = PBXVariantGroup;
			children = (
				CE04A29C21C58A7100D044D4 /* Base */,
			);
			name = Main.storyboard;
			sourceTree = "<group>";
		};
		CE04A2A321C58A7200D044D4 /* LaunchScreen.storyboard */ = {
			isa = PBXVariantGroup;
			children = (
				CE04A2A421C58A7200D044D4 /* Base */,
			);
			name = LaunchScreen.storyboard;
			sourceTree = "<group>";
		};
/* End PBXVariantGroup section */

/* Begin XCBuildConfiguration section */
		CE04A2BF21C58A7200D044D4 /* Debug */ = {
			isa = XCBuildConfiguration;
			buildSettings = {
				ALWAYS_SEARCH_USER_PATHS = NO;
				CLANG_ANALYZER_NONNULL = YES;
				CLANG_ANALYZER_NUMBER_OBJECT_CONVERSION = YES_AGGRESSIVE;
				CLANG_CXX_LANGUAGE_STANDARD = "gnu++14";
				CLANG_CXX_LIBRARY = "libc++";
				CLANG_ENABLE_MODULES = YES;
				CLANG_ENABLE_OBJC_ARC = YES;
				CLANG_ENABLE_OBJC_WEAK = YES;
				CLANG_WARN_BLOCK_CAPTURE_AUTORELEASING = YES;
				CLANG_WARN_BOOL_CONVERSION = YES;
				CLANG_WARN_COMMA = YES;
				CLANG_WARN_CONSTANT_CONVERSION = YES;
				CLANG_WARN_DEPRECATED_OBJC_IMPLEMENTATIONS = YES;
				CLANG_WARN_DIRECT_OBJC_ISA_USAGE = YES_ERROR;
				CLANG_WARN_DOCUMENTATION_COMMENTS = YES;
				CLANG_WARN_EMPTY_BODY = YES;
				CLANG_WARN_ENUM_CONVERSION = YES;
				CLANG_WARN_INFINITE_RECURSION = YES;
				CLANG_WARN_INT_CONVERSION = YES;
				CLANG_WARN_NON_LITERAL_NULL_CONVERSION = YES;
				CLANG_WARN_OBJC_IMPLICIT_RETAIN_SELF = YES;
				CLANG_WARN_OBJC_LITERAL_CONVERSION = YES;
				CLANG_WARN_OBJC_ROOT_CLASS = YES_ERROR;
				CLANG_WARN_RANGE_LOOP_ANALYSIS = YES;
				CLANG_WARN_STRICT_PROTOTYPES = YES;
				CLANG_WARN_SUSPICIOUS_MOVE = YES;
				CLANG_WARN_UNGUARDED_AVAILABILITY = YES_AGGRESSIVE;
				CLANG_WARN_UNREACHABLE_CODE = YES;
				CLANG_WARN__DUPLICATE_METHOD_MATCH = YES;
				CODE_SIGN_IDENTITY = "iPhone Developer";
				COPY_PHASE_STRIP = NO;
				DEBUG_INFORMATION_FORMAT = dwarf;
				ENABLE_STRICT_OBJC_MSGSEND = YES;
				ENABLE_TESTABILITY = YES;
				GCC_C_LANGUAGE_STANDARD = gnu11;
				GCC_DYNAMIC_NO_PIC = NO;
				GCC_NO_COMMON_BLOCKS = YES;
				GCC_OPTIMIZATION_LEVEL = 0;
				GCC_PREPROCESSOR_DEFINITIONS = (
					"DEBUG=1",
					"$(inherited)",
				);
				GCC_WARN_64_TO_32_BIT_CONVERSION = YES;
				GCC_WARN_ABOUT_RETURN_TYPE = YES_ERROR;
				GCC_WARN_UNDECLARED_SELECTOR = YES;
				GCC_WARN_UNINITIALIZED_AUTOS = YES_AGGRESSIVE;
				GCC_WARN_UNUSED_FUNCTION = YES;
				GCC_WARN_UNUSED_VARIABLE = YES;
				IPHONEOS_DEPLOYMENT_TARGET = 12.1;
				MTL_ENABLE_DEBUG_INFO = INCLUDE_SOURCE;
				MTL_FAST_MATH = YES;
				ONLY_ACTIVE_ARCH = YES;
				SDKROOT = iphoneos;
			};
			name = Debug;
		};
		CE04A2C021C58A7200D044D4 /* Release */ = {
			isa = XCBuildConfiguration;
			buildSettings = {
				ALWAYS_SEARCH_USER_PATHS = NO;
				CLANG_ANALYZER_NONNULL = YES;
				CLANG_ANALYZER_NUMBER_OBJECT_CONVERSION = YES_AGGRESSIVE;
				CLANG_CXX_LANGUAGE_STANDARD = "gnu++14";
				CLANG_CXX_LIBRARY = "libc++";
				CLANG_ENABLE_MODULES = YES;
				CLANG_ENABLE_OBJC_ARC = YES;
				CLANG_ENABLE_OBJC_WEAK = YES;
				CLANG_WARN_BLOCK_CAPTURE_AUTORELEASING = YES;
				CLANG_WARN_BOOL_CONVERSION = YES;
				CLANG_WARN_COMMA = YES;
				CLANG_WARN_CONSTANT_CONVERSION = YES;
				CLANG_WARN_DEPRECATED_OBJC_IMPLEMENTATIONS = YES;
				CLANG_WARN_DIRECT_OBJC_ISA_USAGE = YES_ERROR;
				CLANG_WARN_DOCUMENTATION_COMMENTS = YES;
				CLANG_WARN_EMPTY_BODY = YES;
				CLANG_WARN_ENUM_CONVERSION = YES;
				CLANG_WARN_INFINITE_RECURSION = YES;
				CLANG_WARN_INT_CONVERSION = YES;
				CLANG_WARN_NON_LITERAL_NULL_CONVERSION = YES;
				CLANG_WARN_OBJC_IMPLICIT_RETAIN_SELF = YES;
				CLANG_WARN_OBJC_LITERAL_CONVERSION = YES;
				CLANG_WARN_OBJC_ROOT_CLASS = YES_ERROR;
				CLANG_WARN_RANGE_LOOP_ANALYSIS = YES;
				CLANG_WARN_STRICT_PROTOTYPES = YES;
				CLANG_WARN_SUSPICIOUS_MOVE = YES;
				CLANG_WARN_UNGUARDED_AVAILABILITY = YES_AGGRESSIVE;
				CLANG_WARN_UNREACHABLE_CODE = YES;
				CLANG_WARN__DUPLICATE_METHOD_MATCH = YES;
				CODE_SIGN_IDENTITY = "iPhone Developer";
				COPY_PHASE_STRIP = NO;
				DEBUG_INFORMATION_FORMAT = "dwarf-with-dsym";
				ENABLE_NS_ASSERTIONS = NO;
				ENABLE_STRICT_OBJC_MSGSEND = YES;
				GCC_C_LANGUAGE_STANDARD = gnu11;
				GCC_NO_COMMON_BLOCKS = YES;
				GCC_WARN_64_TO_32_BIT_CONVERSION = YES;
				GCC_WARN_ABOUT_RETURN_TYPE = YES_ERROR;
				GCC_WARN_UNDECLARED_SELECTOR = YES;
				GCC_WARN_UNINITIALIZED_AUTOS = YES_AGGRESSIVE;
				GCC_WARN_UNUSED_FUNCTION = YES;
				GCC_WARN_UNUSED_VARIABLE = YES;
				IPHONEOS_DEPLOYMENT_TARGET = 12.1;
				MTL_ENABLE_DEBUG_INFO = NO;
				MTL_FAST_MATH = YES;
				SDKROOT = iphoneos;
				VALIDATE_PRODUCT = YES;
			};
			name = Release;
		};
		CE04A2C221C58A7200D044D4 /* Debug */ = {
			isa = XCBuildConfiguration;
			buildSettings = {
				ASSETCATALOG_COMPILER_APPICON_NAME = AppIcon;
				CODE_SIGN_STYLE = Automatic;
				DEVELOPMENT_TEAM = 3KU6JNS9FU;
				HEADER_SEARCH_PATHS = "$(SRCROOT)/water";
				INFOPLIST_FILE = water/Info.plist;
				LD_RUNPATH_SEARCH_PATHS = (
					"$(inherited)",
					"@executable_path/Frameworks",
				);
				PRODUCT_BUNDLE_IDENTIFIER = "annanwang-hotmail.com.water";
				PRODUCT_NAME = "$(TARGET_NAME)";
				TARGETED_DEVICE_FAMILY = "1,2";
			};
			name = Debug;
		};
		CE04A2C321C58A7200D044D4 /* Release */ = {
			isa = XCBuildConfiguration;
			buildSettings = {
				ASSETCATALOG_COMPILER_APPICON_NAME = AppIcon;
				CODE_SIGN_STYLE = Automatic;
				DEVELOPMENT_TEAM = 3KU6JNS9FU;
				HEADER_SEARCH_PATHS = "$(SRCROOT)/water";
				INFOPLIST_FILE = water/Info.plist;
				LD_RUNPATH_SEARCH_PATHS = (
					"$(inherited)",
					"@executable_path/Frameworks",
				);
				PRODUCT_BUNDLE_IDENTIFIER = "annanwang-hotmail.com.water";
				PRODUCT_NAME = "$(TARGET_NAME)";
				TARGETED_DEVICE_FAMILY = "1,2";
			};
			name = Release;
		};
		CE04A2C521C58A7200D044D4 /* Debug */ = {
			isa = XCBuildConfiguration;
			buildSettings = {
				BUNDLE_LOADER = "$(TEST_HOST)";
				CODE_SIGN_STYLE = Automatic;
				DEVELOPMENT_TEAM = 3KU6JNS9FU;
				INFOPLIST_FILE = waterTests/Info.plist;
				LD_RUNPATH_SEARCH_PATHS = (
					"$(inherited)",
					"@executable_path/Frameworks",
					"@loader_path/Frameworks",
				);
				PRODUCT_BUNDLE_IDENTIFIER = "annanwang-hotmail.com.waterTests";
				PRODUCT_NAME = "$(TARGET_NAME)";
				TARGETED_DEVICE_FAMILY = "1,2";
				TEST_HOST = "$(BUILT_PRODUCTS_DIR)/waterSimulation.app/waterSimulation";
			};
			name = Debug;
		};
		CE04A2C621C58A7200D044D4 /* Release */ = {
			isa = XCBuildConfiguration;
			buildSettings = {
				BUNDLE_LOADER = "$(TEST_HOST)";
				CODE_SIGN_STYLE = Automatic;
				DEVELOPMENT_TEAM = 3KU6JNS9FU;
				INFOPLIST_FILE = waterTests/Info.plist;
				LD_RUNPATH_SEARCH_PATHS = (
					"$(inherited)",
					"@executable_path/Frameworks",
					"@loader_path/Frameworks",
				);
				PRODUCT_BUNDLE_IDENTIFIER = "annanwang-hotmail.com.waterTests";
				PRODUCT_NAME = "$(TARGET_NAME)";
				TARGETED_DEVICE_FAMILY = "1,2";
				TEST_HOST = "$(BUILT_PRODUCTS_DIR)/waterSimulation.app/waterSimulation";
			};
			name = Release;
		};
		CE04A2C821C58A7200D044D4 /* Debug */ = {
			isa = XCBuildConfiguration;
			buildSettings = {
				CODE_SIGN_STYLE = Automatic;
				DEVELOPMENT_TEAM = 3KU6JNS9FU;
				INFOPLIST_FILE = waterUITests/Info.plist;
				LD_RUNPATH_SEARCH_PATHS = (
					"$(inherited)",
					"@executable_path/Frameworks",
					"@loader_path/Frameworks",
				);
				PRODUCT_BUNDLE_IDENTIFIER = "annanwang-hotmail.com.waterUITests";
				PRODUCT_NAME = "$(TARGET_NAME)";
				TARGETED_DEVICE_FAMILY = "1,2";
				TEST_TARGET_NAME = water;
			};
			name = Debug;
		};
		CE04A2C921C58A7200D044D4 /* Release */ = {
			isa = XCBuildConfiguration;
			buildSettings = {
				CODE_SIGN_STYLE = Automatic;
				DEVELOPMENT_TEAM = 3KU6JNS9FU;
				INFOPLIST_FILE = waterUITests/Info.plist;
				LD_RUNPATH_SEARCH_PATHS = (
					"$(inherited)",
					"@executable_path/Frameworks",
					"@loader_path/Frameworks",
				);
				PRODUCT_BUNDLE_IDENTIFIER = "annanwang-hotmail.com.waterUITests";
				PRODUCT_NAME = "$(TARGET_NAME)";
				TARGETED_DEVICE_FAMILY = "1,2";
				TEST_TARGET_NAME = water;
			};
			name = Release;
		};
/* End XCBuildConfiguration section */

/* Begin XCConfigurationList section */
		CE04A28D21C58A7100D044D4 /* Build configuration list for PBXProject "waterSimulation" */ = {
			isa = XCConfigurationList;
			buildConfigurations = (
				CE04A2BF21C58A7200D044D4 /* Debug */,
				CE04A2C021C58A7200D044D4 /* Release */,
			);
			defaultConfigurationIsVisible = 0;
			defaultConfigurationName = Release;
		};
		CE04A2C121C58A7200D044D4 /* Build configuration list for PBXNativeTarget "waterSimulation" */ = {
			isa = XCConfigurationList;
			buildConfigurations = (
				CE04A2C221C58A7200D044D4 /* Debug */,
				CE04A2C321C58A7200D044D4 /* Release */,
			);
			defaultConfigurationIsVisible = 0;
			defaultConfigurationName = Release;
		};
		CE04A2C421C58A7200D044D4 /* Build configuration list for PBXNativeTarget "waterSimulationTests" */ = {
			isa = XCConfigurationList;
			buildConfigurations = (
				CE04A2C521C58A7200D044D4 /* Debug */,
				CE04A2C621C58A7200D044D4 /* Release */,
			);
			defaultConfigurationIsVisible = 0;
			defaultConfigurationName = Release;
		};
		CE04A2C721C58A7200D044D4 /* Build configuration list for PBXNativeTarget "waterSimulationUITests" */ = {
			isa = XCConfigurationList;
			buildConfigurations = (
				CE04A2C821C58A7200D044D4 /* Debug */,
				CE04A2C921C58A7200D044D4 /* Release */,
			);
			defaultConfigurationIsVisible = 0;
			defaultConfigurationName = Release;
		};
/* End XCConfigurationList section */

/* Begin XCVersionGroup section */
		CE04A29E21C58A7100D044D4 /* water.xcdatamodeld */ = {
			isa = XCVersionGroup;
			children = (
				CE04A29F21C58A7100D044D4 /* water.xcdatamodel */,
			);
			currentVersion = CE04A29F21C58A7100D044D4 /* water.xcdatamodel */;
			path = water.xcdatamodeld;
			sourceTree = "<group>";
			versionGroupType = wrapper.xcdatamodel;
		};
/* End XCVersionGroup section */
	};
	rootObject = CE04A28A21C58A7100D044D4 /* Project object */;
}
